
Microsoft Visual Studio Solution File, Format Version 12.00
# Visual Studio 15
VisualStudioVersion = 15.0.27703.2042
MinimumVisualStudioVersion = 10.0.40219.1
Project("{FAE04EC0-301F-11D3-BF4B-00C04F79EFBC}") = "BookingAPI", "BookingAPI\BookingAPI.csproj", "{B1AD76C3-E5DF-4EC8-BBD5-8BE579F11ABB}"
EndProject
Global
	GlobalSection(SolutionConfigurationPlatforms) = preSolution
		Debug|Any CPU = Debug|Any CPU
		Release|Any CPU = Release|Any CPU
	EndGlobalSection
	GlobalSection(ProjectConfigurationPlatforms) = postSolution
		{B1AD76C3-E5DF-4EC8-BBD5-8BE579F11ABB}.Debug|Any CPU.ActiveCfg = Debug|Any CPU
		{B1AD76C3-E5DF-4EC8-BBD5-8BE579F11ABB}.Debug|Any CPU.Build.0 = Debug|Any CPU
		{B1AD76C3-E5DF-4EC8-BBD5-8BE579F11ABB}.Release|Any CPU.ActiveCfg = Release|Any CPU
		{B1AD76C3-E5DF-4EC8-BBD5-8BE579F11ABB}.Release|Any CPU.Build.0 = Release|Any CPU
	EndGlobalSection
	GlobalSection(SolutionProperties) = preSolution
		HideSolutionNode = FALSE
	EndGlobalSection
	GlobalSection(ExtensibilityGlobals) = postSolution
		SolutionGuid = {F66A527A-8C41-4F7A-9221-6DE23EDC3821}
	EndGlobalSection
EndGlobal
